
Microsoft Visual Studio Solution File, Format Version 12.00
# Visual Studio Version 17
VisualStudioVersion = 17.8.34330.188
MinimumVisualStudioVersion = 10.0.40219.1
Project("{FAE04EC0-301F-11D3-BF4B-00C04F79EFBC}") = "ConsoleAppAssignment", "ConsoleAppAssignment.csproj", "{C0836C31-D5FE-4237-B495-F69DB49923ED}"
EndProject
Global
	GlobalSection(SolutionConfigurationPlatforms) = preSolution
		Debug|Any CPU = Debug|Any CPU
		Release|Any CPU = Release|Any CPU
	EndGlobalSection
	GlobalSection(ProjectConfigurationPlatforms) = postSolution
		{C0836C31-D5FE-4237-B495-F69DB49923ED}.Debug|Any CPU.ActiveCfg = Debug|Any CPU
		{C0836C31-D5FE-4237-B495-F69DB49923ED}.Debug|Any CPU.Build.0 = Debug|Any CPU
		{C0836C31-D5FE-4237-B495-F69DB49923ED}.Release|Any CPU.ActiveCfg = Release|Any CPU
		{C0836C31-D5FE-4237-B495-F69DB49923ED}.Release|Any CPU.Build.0 = Release|Any CPU
	EndGlobalSection
	GlobalSection(SolutionProperties) = preSolution
		HideSolutionNode = FALSE
	EndGlobalSection
	GlobalSection(ExtensibilityGlobals) = postSolution
		SolutionGuid = {C8794C7B-6C79-4E4F-B525-F945BEFADBA5}
	EndGlobalSection
EndGlobal
